
Microsoft Visual Studio Solution File, Format Version 12.00
Project("{FAE04EC0-301F-11D3-BF4B-00C04F79EFBC}") = "slowfy_backend", "slowfy_backend\slowfy_backend.csproj", "{4ADBA6C3-351F-4BCE-90F0-01D32D6B3270}"
EndProject
Global
	GlobalSection(SolutionConfigurationPlatforms) = preSolution
		Debug|Any CPU = Debug|Any CPU
		Release|Any CPU = Release|Any CPU
	EndGlobalSection
	GlobalSection(ProjectConfigurationPlatforms) = postSolution
		{4ADBA6C3-351F-4BCE-90F0-01D32D6B3270}.Debug|Any CPU.ActiveCfg = Debug|Any CPU
		{4ADBA6C3-351F-4BCE-90F0-01D32D6B3270}.Debug|Any CPU.Build.0 = Debug|Any CPU
		{4ADBA6C3-351F-4BCE-90F0-01D32D6B3270}.Release|Any CPU.ActiveCfg = Release|Any CPU
		{4ADBA6C3-351F-4BCE-90F0-01D32D6B3270}.Release|Any CPU.Build.0 = Release|Any CPU
	EndGlobalSection
EndGlobal
